
Microsoft Visual Studio Solution File, Format Version 12.00
# Visual Studio Version 16
VisualStudioVersion = 16.0.32630.194
MinimumVisualStudioVersion = 10.0.40219.1
Project("{FAE04EC0-301F-11D3-BF4B-00C04F79EFBC}") = "SCWindowsSDK", "SCWindowsSDK\SCWindowsSDK.csproj", "{A3A986FE-6E78-49FD-97B7-181771E781F6}"
EndProject
Global
	GlobalSection(SolutionConfigurationPlatforms) = preSolution
		Debug|Any CPU = Debug|Any CPU
		Release|Any CPU = Release|Any CPU
	EndGlobalSection
	GlobalSection(ProjectConfigurationPlatforms) = postSolution
		{A3A986FE-6E78-49FD-97B7-181771E781F6}.Debug|Any CPU.ActiveCfg = Debug|Any CPU
		{A3A986FE-6E78-49FD-97B7-181771E781F6}.Debug|Any CPU.Build.0 = Debug|Any CPU
		{A3A986FE-6E78-49FD-97B7-181771E781F6}.Release|Any CPU.ActiveCfg = Release|Any CPU
		{A3A986FE-6E78-49FD-97B7-181771E781F6}.Release|Any CPU.Build.0 = Release|Any CPU
	EndGlobalSection
	GlobalSection(SolutionProperties) = preSolution
		HideSolutionNode = FALSE
	EndGlobalSection
	GlobalSection(ExtensibilityGlobals) = postSolution
		SolutionGuid = {33B4A02D-EC7E-4E6A-99E8-84717C8DCD39}
	EndGlobalSection
EndGlobal
